
Microsoft Visual Studio Solution File, Format Version 12.00
# Visual Studio Version 17
VisualStudioVersion = 17.3.32901.215
MinimumVisualStudioVersion = 10.0.40219.1
Project("{8BC9CEB8-8B4A-11D0-8D11-00A0C91BC942}") = "assignment 3", "assignment 3\assignment 3.vcxproj", "{54CFDCD8-05C8-4D0E-B63F-2798EDBF0B59}"
EndProject
Global
	GlobalSection(SolutionConfigurationPlatforms) = preSolution
		Debug|x64 = Debug|x64
		Debug|x86 = Debug|x86
		Release|x64 = Release|x64
		Release|x86 = Release|x86
	EndGlobalSection
	GlobalSection(ProjectConfigurationPlatforms) = postSolution
		{54CFDCD8-05C8-4D0E-B63F-2798EDBF0B59}.Debug|x64.ActiveCfg = Debug|x64
		{54CFDCD8-05C8-4D0E-B63F-2798EDBF0B59}.Debug|x64.Build.0 = Debug|x64
		{54CFDCD8-05C8-4D0E-B63F-2798EDBF0B59}.Debug|x86.ActiveCfg = Debug|Win32
		{54CFDCD8-05C8-4D0E-B63F-2798EDBF0B59}.Debug|x86.Build.0 = Debug|Win32
		{54CFDCD8-05C8-4D0E-B63F-2798EDBF0B59}.Release|x64.ActiveCfg = Release|x64
		{54CFDCD8-05C8-4D0E-B63F-2798EDBF0B59}.Release|x64.Build.0 = Release|x64
		{54CFDCD8-05C8-4D0E-B63F-2798EDBF0B59}.Release|x86.ActiveCfg = Release|Win32
		{54CFDCD8-05C8-4D0E-B63F-2798EDBF0B59}.Release|x86.Build.0 = Release|Win32
	EndGlobalSection
	GlobalSection(SolutionProperties) = preSolution
		HideSolutionNode = FALSE
	EndGlobalSection
	GlobalSection(ExtensibilityGlobals) = postSolution
		SolutionGuid = {CCCD141D-6EE9-42F8-A889-27F6BD7A3741}
	EndGlobalSection
EndGlobal
