
Microsoft Visual Studio Solution File, Format Version 12.00
# Visual Studio Version 17
VisualStudioVersion = 17.3.32929.385
MinimumVisualStudioVersion = 10.0.40219.1
Project("{8BC9CEB8-8B4A-11D0-8D11-00A0C91BC942}") = "graphics", "graphics\graphics.vcxproj", "{159F6AC5-2957-4906-A7BE-28A66C35B2DF}"
EndProject
Global
	GlobalSection(SolutionConfigurationPlatforms) = preSolution
		Debug|x64 = Debug|x64
		Debug|x86 = Debug|x86
		Release|x64 = Release|x64
		Release|x86 = Release|x86
	EndGlobalSection
	GlobalSection(ProjectConfigurationPlatforms) = postSolution
		{159F6AC5-2957-4906-A7BE-28A66C35B2DF}.Debug|x64.ActiveCfg = Debug|x64
		{159F6AC5-2957-4906-A7BE-28A66C35B2DF}.Debug|x64.Build.0 = Debug|x64
		{159F6AC5-2957-4906-A7BE-28A66C35B2DF}.Debug|x86.ActiveCfg = Debug|Win32
		{159F6AC5-2957-4906-A7BE-28A66C35B2DF}.Debug|x86.Build.0 = Debug|Win32
		{159F6AC5-2957-4906-A7BE-28A66C35B2DF}.Release|x64.ActiveCfg = Release|x64
		{159F6AC5-2957-4906-A7BE-28A66C35B2DF}.Release|x64.Build.0 = Release|x64
		{159F6AC5-2957-4906-A7BE-28A66C35B2DF}.Release|x86.ActiveCfg = Release|Win32
		{159F6AC5-2957-4906-A7BE-28A66C35B2DF}.Release|x86.Build.0 = Release|Win32
	EndGlobalSection
	GlobalSection(SolutionProperties) = preSolution
		HideSolutionNode = FALSE
	EndGlobalSection
	GlobalSection(ExtensibilityGlobals) = postSolution
		SolutionGuid = {6B1379C0-A8EA-492E-A4FD-9333DEA5B535}
	EndGlobalSection
EndGlobal
